
Microsoft Visual Studio Solution File, Format Version 12.00
Project("{FAE04EC0-301F-11D3-BF4B-00C04F79EFBC}") = "PiiRemove", "PiiRemove\PiiRemove.csproj", "{D22ED386-07D6-4B74-91C7-DD906E3BE55A}"
EndProject
Global
	GlobalSection(SolutionConfigurationPlatforms) = preSolution
		Debug|Any CPU = Debug|Any CPU
		Release|Any CPU = Release|Any CPU
	EndGlobalSection
	GlobalSection(ProjectConfigurationPlatforms) = postSolution
		{D22ED386-07D6-4B74-91C7-DD906E3BE55A}.Debug|Any CPU.ActiveCfg = Debug|Any CPU
		{D22ED386-07D6-4B74-91C7-DD906E3BE55A}.Debug|Any CPU.Build.0 = Debug|Any CPU
		{D22ED386-07D6-4B74-91C7-DD906E3BE55A}.Release|Any CPU.ActiveCfg = Release|Any CPU
		{D22ED386-07D6-4B74-91C7-DD906E3BE55A}.Release|Any CPU.Build.0 = Release|Any CPU
	EndGlobalSection
EndGlobal
